
Microsoft Visual Studio Solution File, Format Version 12.00
# Visual Studio Version 16
VisualStudioVersion = 16.0.31624.102
MinimumVisualStudioVersion = 10.0.40219.1
Project("{8BC9CEB8-8B4A-11D0-8D11-00A0C91BC942}") = "FindPrimeNumbers", "FindPrimeNumbers\FindPrimeNumbers.vcxproj", "{BCFD6719-C093-412C-BAA8-4136CD37DDB2}"
EndProject
Global
	GlobalSection(SolutionConfigurationPlatforms) = preSolution
		Debug|x64 = Debug|x64
		Release|x64 = Release|x64
	EndGlobalSection
	GlobalSection(ProjectConfigurationPlatforms) = postSolution
		{BCFD6719-C093-412C-BAA8-4136CD37DDB2}.Debug|x64.ActiveCfg = Debug|x64
		{BCFD6719-C093-412C-BAA8-4136CD37DDB2}.Debug|x64.Build.0 = Debug|x64
		{BCFD6719-C093-412C-BAA8-4136CD37DDB2}.Release|x64.ActiveCfg = Release|x64
		{BCFD6719-C093-412C-BAA8-4136CD37DDB2}.Release|x64.Build.0 = Release|x64
	EndGlobalSection
	GlobalSection(SolutionProperties) = preSolution
		HideSolutionNode = FALSE
	EndGlobalSection
	GlobalSection(ExtensibilityGlobals) = postSolution
		SolutionGuid = {96ECB4BA-B449-48F4-9C3B-92C5E3BE4D55}
	EndGlobalSection
EndGlobal
